
Microsoft Visual Studio Solution File, Format Version 12.00
# Visual Studio Version 17
VisualStudioVersion = 17.1.32210.238
MinimumVisualStudioVersion = 10.0.40219.1
Project("{FAE04EC0-301F-11D3-BF4B-00C04F79EFBC}") = "ibPR4v2", "ibPR4v2.csproj", "{C3CC3E2A-09B7-4645-9388-3DCC73F13FAE}"
EndProject
Global
	GlobalSection(SolutionConfigurationPlatforms) = preSolution
		Debug|Any CPU = Debug|Any CPU
		Release|Any CPU = Release|Any CPU
	EndGlobalSection
	GlobalSection(ProjectConfigurationPlatforms) = postSolution
		{C3CC3E2A-09B7-4645-9388-3DCC73F13FAE}.Debug|Any CPU.ActiveCfg = Debug|Any CPU
		{C3CC3E2A-09B7-4645-9388-3DCC73F13FAE}.Debug|Any CPU.Build.0 = Debug|Any CPU
		{C3CC3E2A-09B7-4645-9388-3DCC73F13FAE}.Release|Any CPU.ActiveCfg = Release|Any CPU
		{C3CC3E2A-09B7-4645-9388-3DCC73F13FAE}.Release|Any CPU.Build.0 = Release|Any CPU
	EndGlobalSection
	GlobalSection(SolutionProperties) = preSolution
		HideSolutionNode = FALSE
	EndGlobalSection
	GlobalSection(ExtensibilityGlobals) = postSolution
		SolutionGuid = {724CEE14-8EAF-453E-9EB0-E1D148953396}
	EndGlobalSection
EndGlobal
